// !$*UTF8*$!
{
	archiveVersion = 1;
	classes = {
	};
	objectVersion = 50;
	objects = {

/* Begin PBXBuildFile section */
		3F672D6725C31E3800FEC937 /* To_Do_ListApp.swift in Sources */ = {isa = PBXBuildFile; fileRef = 3F672D6625C31E3800FEC937 /* To_Do_ListApp.swift */; };
		3F672D6925C31E3800FEC937 /* ContentView.swift in Sources */ = {isa = PBXBuildFile; fileRef = 3F672D6825C31E3800FEC937 /* ContentView.swift */; };
		3F672D6B25C31E3C00FEC937 /* Assets.xcassets in Resources */ = {isa = PBXBuildFile; fileRef = 3F672D6A25C31E3C00FEC937 /* Assets.xcassets */; };
		3F672D6E25C31E3C00FEC937 /* Preview Assets.xcassets in Resources */ = {isa = PBXBuildFile; fileRef = 3F672D6D25C31E3C00FEC937 /* Preview Assets.xcassets */; };
		3F672D7925C31E3D00FEC937 /* To_Do_ListTests.swift in Sources */ = {isa = PBXBuildFile; fileRef = 3F672D7825C31E3D00FEC937 /* To_Do_ListTests.swift */; };
		3F672D8425C31E3D00FEC937 /* To_Do_ListUITests.swift in Sources */ = {isa = PBXBuildFile; fileRef = 3F672D8325C31E3D00FEC937 /* To_Do_ListUITests.swift */; };
		3F672D9525C8694600FEC937 /* ToDoList.swift in Sources */ = {isa = PBXBuildFile; fileRef = 3F672D9425C8694600FEC937 /* ToDoList.swift */; };
		3FD0071E25C9B285008EBFFD /* AddItemView.swift in Sources */ = {isa = PBXBuildFile; fileRef = 3FD0071D25C9B285008EBFFD /* AddItemView.swift */; };
/* End PBXBuildFile section */

/* Begin PBXContainerItemProxy section */
		3F672D7525C31E3D00FEC937 /* PBXContainerItemProxy */ = {
			isa = PBXContainerItemProxy;
			containerPortal = 3F672D5B25C31E3800FEC937 /* Project object */;
			proxyType = 1;
			remoteGlobalIDString = 3F672D6225C31E3800FEC937;
			remoteInfo = "To Do List";
		};
		3F672D8025C31E3D00FEC937 /* PBXContainerItemProxy */ = {
			isa = PBXContainerItemProxy;
			containerPortal = 3F672D5B25C31E3800FEC937 /* Project object */;
			proxyType = 1;
			remoteGlobalIDString = 3F672D6225C31E3800FEC937;
			remoteInfo = "To Do List";
		};
/* End PBXContainerItemProxy section */

/* Begin PBXFileReference section */
		3F672D6325C31E3800FEC937 /* To Do List.app */ = {isa = PBXFileReference; explicitFileType = wrapper.application; includeInIndex = 0; path = "To Do List.app"; sourceTree = BUILT_PRODUCTS_DIR; };
		3F672D6625C31E3800FEC937 /* To_Do_ListApp.swift */ = {isa = PBXFileReference; lastKnownFileType = sourcecode.swift; path = To_Do_ListApp.swift; sourceTree = "<group>"; };
		3F672D6825C31E3800FEC937 /* ContentView.swift */ = {isa = PBXFileReference; lastKnownFileType = sourcecode.swift; path = ContentView.swift; sourceTree = "<group>"; };
		3F672D6A25C31E3C00FEC937 /* Assets.xcassets */ = {isa = PBXFileReference; lastKnownFileType = folder.assetcatalog; path = Assets.xcassets; sourceTree = "<group>"; };
		3F672D6D25C31E3C00FEC937 /* Preview Assets.xcassets */ = {isa = PBXFileReference; lastKnownFileType = folder.assetcatalog; path = "Preview Assets.xcassets"; sourceTree = "<group>"; };
		3F672D6F25C31E3C00FEC937 /* Info.plist */ = {isa = PBXFileReference; lastKnownFileType = text.plist.xml; path = Info.plist; sourceTree = "<group>"; };
		3F672D7425C31E3D00FEC937 /* To Do ListTests.xctest */ = {isa = PBXFileReference; explicitFileType = wrapper.cfbundle; includeInIndex = 0; path = "To Do ListTests.xctest"; sourceTree = BUILT_PRODUCTS_DIR; };
		3F672D7825C31E3D00FEC937 /* To_Do_ListTests.swift */ = {isa = PBXFileReference; lastKnownFileType = sourcecode.swift; path = To_Do_ListTests.swift; sourceTree = "<group>"; };
		3F672D7A25C31E3D00FEC937 /* Info.plist */ = {isa = PBXFileReference; lastKnownFileType = text.plist.xml; path = Info.plist; sourceTree = "<group>"; };
		3F672D7F25C31E3D00FEC937 /* To Do ListUITests.xctest */ = {isa = PBXFileReference; explicitFileType = wrapper.cfbundle; includeInIndex = 0; path = "To Do ListUITests.xctest"; sourceTree = BUILT_PRODUCTS_DIR; };
		3F672D8325C31E3D00FEC937 /* To_Do_ListUITests.swift */ = {isa = PBXFileReference; lastKnownFileType = sourcecode.swift; path = To_Do_ListUITests.swift; sourceTree = "<group>"; };
		3F672D8525C31E3D00FEC937 /* Info.plist */ = {isa = PBXFileReference; lastKnownFileType = text.plist.xml; path = Info.plist; sourceTree = "<group>"; };
		3F672D9425C8694600FEC937 /* ToDoList.swift */ = {isa = PBXFileReference; lastKnownFileType = sourcecode.swift; path = ToDoList.swift; sourceTree = "<group>"; };
		3FD0071D25C9B285008EBFFD /* AddItemView.swift */ = {isa = PBXFileReference; lastKnownFileType = sourcecode.swift; path = AddItemView.swift; sourceTree = "<group>"; };
/* End PBXFileReference section */

/* Begin PBXFrameworksBuildPhase section */
		3F672D6025C31E3800FEC937 /* Frameworks */ = {
			isa = PBXFrameworksBuildPhase;
			buildActionMask = 2147483647;
			files = (
			);
			runOnlyForDeploymentPostprocessing = 0;
		};
		3F672D7125C31E3D00FEC937 /* Frameworks */ = {
			isa = PBXFrameworksBuildPhase;
			buildActionMask = 2147483647;
			files = (
			);
			runOnlyForDeploymentPostprocessing = 0;
		};
		3F672D7C25C31E3D00FEC937 /* Frameworks */ = {
			isa = PBXFrameworksBuildPhase;
			buildActionMask = 2147483647;
			files = (
			);
			runOnlyForDeploymentPostprocessing = 0;
		};
/* End PBXFrameworksBuildPhase section */

/* Begin PBXGroup section */
		3F672D5A25C31E3800FEC937 = {
			isa = PBXGroup;
			children = (
				3F672D6525C31E3800FEC937 /* To Do List */,
				3F672D7725C31E3D00FEC937 /* To Do ListTests */,
				3F672D8225C31E3D00FEC937 /* To Do ListUITests */,
				3F672D6425C31E3800FEC937 /* Products */,
			);
			sourceTree = "<group>";
		};
		3F672D6425C31E3800FEC937 /* Products */ = {
			isa = PBXGroup;
			children = (
				3F672D6325C31E3800FEC937 /* To Do List.app */,
				3F672D7425C31E3D00FEC937 /* To Do ListTests.xctest */,
				3F672D7F25C31E3D00FEC937 /* To Do ListUITests.xctest */,
			);
			name = Products;
			sourceTree = "<group>";
		};
		3F672D6525C31E3800FEC937 /* To Do List */ = {
			isa = PBXGroup;
			children = (
				3F672D6625C31E3800FEC937 /* To_Do_ListApp.swift */,
				3F672D6825C31E3800FEC937 /* ContentView.swift */,
				3FD0071D25C9B285008EBFFD /* AddItemView.swift */,
				3F672D9425C8694600FEC937 /* ToDoList.swift */,
				3F672D6A25C31E3C00FEC937 /* Assets.xcassets */,
				3F672D6F25C31E3C00FEC937 /* Info.plist */,
				3F672D6C25C31E3C00FEC937 /* Preview Content */,
			);
			path = "To Do List";
			sourceTree = "<group>";
		};
		3F672D6C25C31E3C00FEC937 /* Preview Content */ = {
			isa = PBXGroup;
			children = (
				3F672D6D25C31E3C00FEC937 /* Preview Assets.xcassets */,
			);
			path = "Preview Content";
			sourceTree = "<group>";
		};
		3F672D7725C31E3D00FEC937 /* To Do ListTests */ = {
			isa = PBXGroup;
			children = (
				3F672D7825C31E3D00FEC937 /* To_Do_ListTests.swift */,
				3F672D7A25C31E3D00FEC937 /* Info.plist */,
			);
			path = "To Do ListTests";
			sourceTree = "<group>";
		};
		3F672D8225C31E3D00FEC937 /* To Do ListUITests */ = {
			isa = PBXGroup;
			children = (
				3F672D8325C31E3D00FEC937 /* To_Do_ListUITests.swift */,
				3F672D8525C31E3D00FEC937 /* Info.plist */,
			);
			path = "To Do ListUITests";
			sourceTree = "<group>";
		};
/* End PBXGroup section */

/* Begin PBXNativeTarget section */
		3F672D6225C31E3800FEC937 /* To Do List */ = {
			isa = PBXNativeTarget;
			buildConfigurationList = 3F672D8825C31E3D00FEC937 /* Build configuration list for PBXNativeTarget "To Do List" */;
			buildPhases = (
				3F672D5F25C31E3800FEC937 /* Sources */,
				3F672D6025C31E3800FEC937 /* Frameworks */,
				3F672D6125C31E3800FEC937 /* Resources */,
			);
			buildRules = (
			);
			dependencies = (
			);
			name = "To Do List";
			productName = "To Do List";
			productReference = 3F672D6325C31E3800FEC937 /* To Do List.app */;
			productType = "com.apple.product-type.application";
		};
		3F672D7325C31E3D00FEC937 /* To Do ListTests */ = {
			isa = PBXNativeTarget;
			buildConfigurationList = 3F672D8B25C31E3D00FEC937 /* Build configuration list for PBXNativeTarget "To Do ListTests" */;
			buildPhases = (
				3F672D7025C31E3D00FEC937 /* Sources */,
				3F672D7125C31E3D00FEC937 /* Frameworks */,
				3F672D7225C31E3D00FEC937 /* Resources */,
			);
			buildRules = (
			);
			dependencies = (
				3F672D7625C31E3D00FEC937 /* PBXTargetDependency */,
			);
			name = "To Do ListTests";
			productName = "To Do ListTests";
			productReference = 3F672D7425C31E3D00FEC937 /* To Do ListTests.xctest */;
			productType = "com.apple.product-type.bundle.unit-test";
		};
		3F672D7E25C31E3D00FEC937 /* To Do ListUITests */ = {
			isa = PBXNativeTarget;
			buildConfigurationList = 3F672D8E25C31E3D00FEC937 /* Build configuration list for PBXNativeTarget "To Do ListUITests" */;
			buildPhases = (
				3F672D7B25C31E3D00FEC937 /* Sources */,
				3F672D7C25C31E3D00FEC937 /* Frameworks */,
				3F672D7D25C31E3D00FEC937 /* Resources */,
			);
			buildRules = (
			);
			dependencies = (
				3F672D8125C31E3D00FEC937 /* PBXTargetDependency */,
			);
			name = "To Do ListUITests";
			productName = "To Do ListUITests";
			productReference = 3F672D7F25C31E3D00FEC937 /* To Do ListUITests.xctest */;
			productType = "com.apple.product-type.bundle.ui-testing";
		};
/* End PBXNativeTarget section */

/* Begin PBXProject section */
		3F672D5B25C31E3800FEC937 /* Project object */ = {
			isa = PBXProject;
			attributes = {
				LastSwiftUpdateCheck = 1230;
				LastUpgradeCheck = 1230;
				TargetAttributes = {
					3F672D6225C31E3800FEC937 = {
						CreatedOnToolsVersion = 12.3;
					};
					3F672D7325C31E3D00FEC937 = {
						CreatedOnToolsVersion = 12.3;
						TestTargetID = 3F672D6225C31E3800FEC937;
					};
					3F672D7E25C31E3D00FEC937 = {
						CreatedOnToolsVersion = 12.3;
						TestTargetID = 3F672D6225C31E3800FEC937;
					};
				};
			};
			buildConfigurationList = 3F672D5E25C31E3800FEC937 /* Build configuration list for PBXProject "To Do List" */;
			compatibilityVersion = "Xcode 9.3";
			developmentRegion = en;
			hasScannedForEncodings = 0;
			knownRegions = (
				en,
				Base,
			);
			mainGroup = 3F672D5A25C31E3800FEC937;
			productRefGroup = 3F672D6425C31E3800FEC937 /* Products */;
			projectDirPath = "";
			projectRoot = "";
			targets = (
				3F672D6225C31E3800FEC937 /* To Do List */,
				3F672D7325C31E3D00FEC937 /* To Do ListTests */,
				3F672D7E25C31E3D00FEC937 /* To Do ListUITests */,
			);
		};
/* End PBXProject section */

/* Begin PBXResourcesBuildPhase section */
		3F672D6125C31E3800FEC937 /* Resources */ = {
			isa = PBXResourcesBuildPhase;
			buildActionMask = 2147483647;
			files = (
				3F672D6E25C31E3C00FEC937 /* Preview Assets.xcassets in Resources */,
				3F672D6B25C31E3C00FEC937 /* Assets.xcassets in Resources */,
			);
			runOnlyForDeploymentPostprocessing = 0;
		};
		3F672D7225C31E3D00FEC937 /* Resources */ = {
			isa = PBXResourcesBuildPhase;
			buildActionMask = 2147483647;
			files = (
			);
			runOnlyForDeploymentPostprocessing = 0;
		};
		3F672D7D25C31E3D00FEC937 /* Resources */ = {
			isa = PBXResourcesBuildPhase;
			buildActionMask = 2147483647;
			files = (
			);
			runOnlyForDeploymentPostprocessing = 0;
		};
/* End PBXResourcesBuildPhase section */

/* Begin PBXSourcesBuildPhase section */
		3F672D5F25C31E3800FEC937 /* Sources */ = {
			isa = PBXSourcesBuildPhase;
			buildActionMask = 2147483647;
			files = (
				3F672D6925C31E3800FEC937 /* ContentView.swift in Sources */,
				3F672D9525C8694600FEC937 /* ToDoList.swift in Sources */,
				3F672D6725C31E3800FEC937 /* To_Do_ListApp.swift in Sources */,
				3FD0071E25C9B285008EBFFD /* AddItemView.swift in Sources */,
			);
			runOnlyForDeploymentPostprocessing = 0;
		};
		3F672D7025C31E3D00FEC937 /* Sources */ = {
			isa = PBXSourcesBuildPhase;
			buildActionMask = 2147483647;
			files = (
				3F672D7925C31E3D00FEC937 /* To_Do_ListTests.swift in Sources */,
			);
			runOnlyForDeploymentPostprocessing = 0;
		};
		3F672D7B25C31E3D00FEC937 /* Sources */ = {
			isa = PBXSourcesBuildPhase;
			buildActionMask = 2147483647;
			files = (
				3F672D8425C31E3D00FEC937 /* To_Do_ListUITests.swift in Sources */,
			);
			runOnlyForDeploymentPostprocessing = 0;
		};
/* End PBXSourcesBuildPhase section */

/* Begin PBXTargetDependency section */
		3F672D7625C31E3D00FEC937 /* PBXTargetDependency */ = {
			isa = PBXTargetDependency;
			target = 3F672D6225C31E3800FEC937 /* To Do List */;
			targetProxy = 3F672D7525C31E3D00FEC937 /* PBXContainerItemProxy */;
		};
		3F672D8125C31E3D00FEC937 /* PBXTargetDependency */ = {
			isa = PBXTargetDependency;
			target = 3F672D6225C31E3800FEC937 /* To Do List */;
			targetProxy = 3F672D8025C31E3D00FEC937 /* PBXContainerItemProxy */;
		};
/* End PBXTargetDependency section */

/* Begin XCBuildConfiguration section */
		3F672D8625C31E3D00FEC937 /* Debug */ = {
			isa = XCBuildConfiguration;
			buildSettings = {
				ALWAYS_SEARCH_USER_PATHS = NO;
				CLANG_ANALYZER_NONNULL = YES;
				CLANG_ANALYZER_NUMBER_OBJECT_CONVERSION = YES_AGGRESSIVE;
				CLANG_CXX_LANGUAGE_STANDARD = "gnu++14";
				CLANG_CXX_LIBRARY = "libc++";
				CLANG_ENABLE_MODULES = YES;
				CLANG_ENABLE_OBJC_ARC = YES;
				CLANG_ENABLE_OBJC_WEAK = YES;
				CLANG_WARN_BLOCK_CAPTURE_AUTORELEASING = YES;
				CLANG_WARN_BOOL_CONVERSION = YES;
				CLANG_WARN_COMMA = YES;
				CLANG_WARN_CONSTANT_CONVERSION = YES;
				CLANG_WARN_DEPRECATED_OBJC_IMPLEMENTATIONS = YES;
				CLANG_WARN_DIRECT_OBJC_ISA_USAGE = YES_ERROR;
				CLANG_WARN_DOCUMENTATION_COMMENTS = YES;
				CLANG_WARN_EMPTY_BODY = YES;
				CLANG_WARN_ENUM_CONVERSION = YES;
				CLANG_WARN_INFINITE_RECURSION = YES;
				CLANG_WARN_INT_CONVERSION = YES;
				CLANG_WARN_NON_LITERAL_NULL_CONVERSION = YES;
				CLANG_WARN_OBJC_IMPLICIT_RETAIN_SELF = YES;
				CLANG_WARN_OBJC_LITERAL_CONVERSION = YES;
				CLANG_WARN_OBJC_ROOT_CLASS = YES_ERROR;
				CLANG_WARN_QUOTED_INCLUDE_IN_FRAMEWORK_HEADER = YES;
				CLANG_WARN_RANGE_LOOP_ANALYSIS = YES;
				CLANG_WARN_STRICT_PROTOTYPES = YES;
				CLANG_WARN_SUSPICIOUS_MOVE = YES;
				CLANG_WARN_UNGUARDED_AVAILABILITY = YES_AGGRESSIVE;
				CLANG_WARN_UNREACHABLE_CODE = YES;
				CLANG_WARN__DUPLICATE_METHOD_MATCH = YES;
				COPY_PHASE_STRIP = NO;
				DEBUG_INFORMATION_FORMAT = dwarf;
				ENABLE_STRICT_OBJC_MSGSEND = YES;
				ENABLE_TESTABILITY = YES;
				GCC_C_LANGUAGE_STANDARD = gnu11;
				GCC_DYNAMIC_NO_PIC = NO;
				GCC_NO_COMMON_BLOCKS = YES;
				GCC_OPTIMIZATION_LEVEL = 0;
				GCC_PREPROCESSOR_DEFINITIONS = (
					"DEBUG=1",
					"$(inherited)",
				);
				GCC_WARN_64_TO_32_BIT_CONVERSION = YES;
				GCC_WARN_ABOUT_RETURN_TYPE = YES_ERROR;
				GCC_WARN_UNDECLARED_SELECTOR = YES;
				GCC_WARN_UNINITIALIZED_AUTOS = YES_AGGRESSIVE;
				GCC_WARN_UNUSED_FUNCTION = YES;
				GCC_WARN_UNUSED_VARIABLE = YES;
				IPHONEOS_DEPLOYMENT_TARGET = 14.3;
				MTL_ENABLE_DEBUG_INFO = INCLUDE_SOURCE;
				MTL_FAST_MATH = YES;
				ONLY_ACTIVE_ARCH = YES;
				SDKROOT = iphoneos;
				SWIFT_ACTIVE_COMPILATION_CONDITIONS = DEBUG;
				SWIFT_OPTIMIZATION_LEVEL = "-Onone";
			};
			name = Debug;
		};
		3F672D8725C31E3D00FEC937 /* Release */ = {
			isa = XCBuildConfiguration;
			buildSettings = {
				ALWAYS_SEARCH_USER_PATHS = NO;
				CLANG_ANALYZER_NONNULL = YES;
				CLANG_ANALYZER_NUMBER_OBJECT_CONVERSION = YES_AGGRESSIVE;
				CLANG_CXX_LANGUAGE_STANDARD = "gnu++14";
				CLANG_CXX_LIBRARY = "libc++";
				CLANG_ENABLE_MODULES = YES;
				CLANG_ENABLE_OBJC_ARC = YES;
				CLANG_ENABLE_OBJC_WEAK = YES;
				CLANG_WARN_BLOCK_CAPTURE_AUTORELEASING = YES;
				CLANG_WARN_BOOL_CONVERSION = YES;
				CLANG_WARN_COMMA = YES;
				CLANG_WARN_CONSTANT_CONVERSION = YES;
				CLANG_WARN_DEPRECATED_OBJC_IMPLEMENTATIONS = YES;
				CLANG_WARN_DIRECT_OBJC_ISA_USAGE = YES_ERROR;
				CLANG_WARN_DOCUMENTATION_COMMENTS = YES;
				CLANG_WARN_EMPTY_BODY = YES;
				CLANG_WARN_ENUM_CONVERSION = YES;
				CLANG_WARN_INFINITE_RECURSION = YES;
				CLANG_WARN_INT_CONVERSION = YES;
				CLANG_WARN_NON_LITERAL_NULL_CONVERSION = YES;
				CLANG_WARN_OBJC_IMPLICIT_RETAIN_SELF = YES;
				CLANG_WARN_OBJC_LITERAL_CONVERSION = YES;
				CLANG_WARN_OBJC_ROOT_CLASS = YES_ERROR;
				CLANG_WARN_QUOTED_INCLUDE_IN_FRAMEWORK_HEADER = YES;
				CLANG_WARN_RANGE_LOOP_ANALYSIS = YES;
				CLANG_WARN_STRICT_PROTOTYPES = YES;
				CLANG_WARN_SUSPICIOUS_MOVE = YES;
				CLANG_WARN_UNGUARDED_AVAILABILITY = YES_AGGRESSIVE;
				CLANG_WARN_UNREACHABLE_CODE = YES;
				CLANG_WARN__DUPLICATE_METHOD_MATCH = YES;
				COPY_PHASE_STRIP = NO;
				DEBUG_INFORMATION_FORMAT = "dwarf-with-dsym";
				ENABLE_NS_ASSERTIONS = NO;
				ENABLE_STRICT_OBJC_MSGSEND = YES;
				GCC_C_LANGUAGE_STANDARD = gnu11;
				GCC_NO_COMMON_BLOCKS = YES;
				GCC_WARN_64_TO_32_BIT_CONVERSION = YES;
				GCC_WARN_ABOUT_RETURN_TYPE = YES_ERROR;
				GCC_WARN_UNDECLARED_SELECTOR = YES;
				GCC_WARN_UNINITIALIZED_AUTOS = YES_AGGRESSIVE;
				GCC_WARN_UNUSED_FUNCTION = YES;
				GCC_WARN_UNUSED_VARIABLE = YES;
				IPHONEOS_DEPLOYMENT_TARGET = 14.3;
				MTL_ENABLE_DEBUG_INFO = NO;
				MTL_FAST_MATH = YES;
				SDKROOT = iphoneos;
				SWIFT_COMPILATION_MODE = wholemodule;
				SWIFT_OPTIMIZATION_LEVEL = "-O";
				VALIDATE_PRODUCT = YES;
			};
			name = Release;
		};
		3F672D8925C31E3D00FEC937 /* Debug */ = {
			isa = XCBuildConfiguration;
			buildSettings = {
				ASSETCATALOG_COMPILER_APPICON_NAME = AppIcon;
				ASSETCATALOG_COMPILER_GLOBAL_ACCENT_COLOR_NAME = AccentColor;
				CODE_SIGN_STYLE = Automatic;
				DEVELOPMENT_ASSET_PATHS = "\"To Do List/Preview Content\"";
				DEVELOPMENT_TEAM = R554X45VF8;
				ENABLE_PREVIEWS = YES;
				INFOPLIST_FILE = "To Do List/Info.plist";
				IPHONEOS_DEPLOYMENT_TARGET = 14.0;
				LD_RUNPATH_SEARCH_PATHS = (
					"$(inherited)",
					"@executable_path/Frameworks",
				);
				PRODUCT_BUNDLE_IDENTIFIER = "Company.To-Do-List";
				PRODUCT_NAME = "$(TARGET_NAME)";
				SWIFT_VERSION = 5.0;
				TARGETED_DEVICE_FAMILY = "1,2";
			};
			name = Debug;
		};
		3F672D8A25C31E3D00FEC937 /* Release */ = {
			isa = XCBuildConfiguration;
			buildSettings = {
				ASSETCATALOG_COMPILER_APPICON_NAME = AppIcon;
				ASSETCATALOG_COMPILER_GLOBAL_ACCENT_COLOR_NAME = AccentColor;
				CODE_SIGN_STYLE = Automatic;
				DEVELOPMENT_ASSET_PATHS = "\"To Do List/Preview Content\"";
				DEVELOPMENT_TEAM = R554X45VF8;
				ENABLE_PREVIEWS = YES;
				INFOPLIST_FILE = "To Do List/Info.plist";
				IPHONEOS_DEPLOYMENT_TARGET = 14.0;
				LD_RUNPATH_SEARCH_PATHS = (
					"$(inherited)",
					"@executable_path/Frameworks",
				);
				PRODUCT_BUNDLE_IDENTIFIER = "Company.To-Do-List";
				PRODUCT_NAME = "$(TARGET_NAME)";
				SWIFT_VERSION = 5.0;
				TARGETED_DEVICE_FAMILY = "1,2";
			};
			name = Release;
		};
		3F672D8C25C31E3D00FEC937 /* Debug */ = {
			isa = XCBuildConfiguration;
			buildSettings = {
				ALWAYS_EMBED_SWIFT_STANDARD_LIBRARIES = YES;
				BUNDLE_LOADER = "$(TEST_HOST)";
				CODE_SIGN_STYLE = Automatic;
				DEVELOPMENT_TEAM = R554X45VF8;
				INFOPLIST_FILE = "To Do ListTests/Info.plist";
				IPHONEOS_DEPLOYMENT_TARGET = 14.0;
				LD_RUNPATH_SEARCH_PATHS = (
					"$(inherited)",
					"@executable_path/Frameworks",
					"@loader_path/Frameworks",
				);
				PRODUCT_BUNDLE_IDENTIFIER = "Company.To-Do-ListTests";
				PRODUCT_NAME = "$(TARGET_NAME)";
				SWIFT_VERSION = 5.0;
				TARGETED_DEVICE_FAMILY = "1,2";
				TEST_HOST = "$(BUILT_PRODUCTS_DIR)/To Do List.app/To Do List";
			};
			name = Debug;
		};
		3F672D8D25C31E3D00FEC937 /* Release */ = {
			isa = XCBuildConfiguration;
			buildSettings = {
				ALWAYS_EMBED_SWIFT_STANDARD_LIBRARIES = YES;
				BUNDLE_LOADER = "$(TEST_HOST)";
				CODE_SIGN_STYLE = Automatic;
				DEVELOPMENT_TEAM = R554X45VF8;
				INFOPLIST_FILE = "To Do ListTests/Info.plist";
				IPHONEOS_DEPLOYMENT_TARGET = 14.0;
				LD_RUNPATH_SEARCH_PATHS = (
					"$(inherited)",
					"@executable_path/Frameworks",
					"@loader_path/Frameworks",
				);
				PRODUCT_BUNDLE_IDENTIFIER = "Company.To-Do-ListTests";
				PRODUCT_NAME = "$(TARGET_NAME)";
				SWIFT_VERSION = 5.0;
				TARGETED_DEVICE_FAMILY = "1,2";
				TEST_HOST = "$(BUILT_PRODUCTS_DIR)/To Do List.app/To Do List";
			};
			name = Release;
		};
		3F672D8F25C31E3D00FEC937 /* Debug */ = {
			isa = XCBuildConfiguration;
			buildSettings = {
				ALWAYS_EMBED_SWIFT_STANDARD_LIBRARIES = YES;
				CODE_SIGN_STYLE = Automatic;
				DEVELOPMENT_TEAM = R554X45VF8;
				INFOPLIST_FILE = "To Do ListUITests/Info.plist";
				LD_RUNPATH_SEARCH_PATHS = (
					"$(inherited)",
					"@executable_path/Frameworks",
					"@loader_path/Frameworks",
				);
				PRODUCT_BUNDLE_IDENTIFIER = "Company.To-Do-ListUITests";
				PRODUCT_NAME = "$(TARGET_NAME)";
				SWIFT_VERSION = 5.0;
				TARGETED_DEVICE_FAMILY = "1,2";
				TEST_TARGET_NAME = "To Do List";
			};
			name = Debug;
		};
		3F672D9025C31E3D00FEC937 /* Release */ = {
			isa = XCBuildConfiguration;
			buildSettings = {
				ALWAYS_EMBED_SWIFT_STANDARD_LIBRARIES = YES;
				CODE_SIGN_STYLE = Automatic;
				DEVELOPMENT_TEAM = R554X45VF8;
				INFOPLIST_FILE = "To Do ListUITests/Info.plist";
				LD_RUNPATH_SEARCH_PATHS = (
					"$(inherited)",
					"@executable_path/Frameworks",
					"@loader_path/Frameworks",
				);
				PRODUCT_BUNDLE_IDENTIFIER = "Company.To-Do-ListUITests";
				PRODUCT_NAME = "$(TARGET_NAME)";
				SWIFT_VERSION = 5.0;
				TARGETED_DEVICE_FAMILY = "1,2";
				TEST_TARGET_NAME = "To Do List";
			};
			name = Release;
		};
/* End XCBuildConfiguration section */

/* Begin XCConfigurationList section */
		3F672D5E25C31E3800FEC937 /* Build configuration list for PBXProject "To Do List" */ = {
			isa = XCConfigurationList;
			buildConfigurations = (
				3F672D8625C31E3D00FEC937 /* Debug */,
				3F672D8725C31E3D00FEC937 /* Release */,
			);
			defaultConfigurationIsVisible = 0;
			defaultConfigurationName = Release;
		};
		3F672D8825C31E3D00FEC937 /* Build configuration list for PBXNativeTarget "To Do List" */ = {
			isa = XCConfigurationList;
			buildConfigurations = (
				3F672D8925C31E3D00FEC937 /* Debug */,
				3F672D8A25C31E3D00FEC937 /* Release */,
			);
			defaultConfigurationIsVisible = 0;
			defaultConfigurationName = Release;
		};
		3F672D8B25C31E3D00FEC937 /* Build configuration list for PBXNativeTarget "To Do ListTests" */ = {
			isa = XCConfigurationList;
			buildConfigurations = (
				3F672D8C25C31E3D00FEC937 /* Debug */,
				3F672D8D25C31E3D00FEC937 /* Release */,
			);
			defaultConfigurationIsVisible = 0;
			defaultConfigurationName = Release;
		};
		3F672D8E25C31E3D00FEC937 /* Build configuration list for PBXNativeTarget "To Do ListUITests" */ = {
			isa = XCConfigurationList;
			buildConfigurations = (
				3F672D8F25C31E3D00FEC937 /* Debug */,
				3F672D9025C31E3D00FEC937 /* Release */,
			);
			defaultConfigurationIsVisible = 0;
			defaultConfigurationName = Release;
		};
/* End XCConfigurationList section */
	};
	rootObject = 3F672D5B25C31E3800FEC937 /* Project object */;
}
